// !$*UTF8*$!
{
	archiveVersion = 1;
	classes = {
	};
	objectVersion = 77;
	objects = {

/* Begin PBXBuildFile section */
		64D82A76111AA402D6CDAEDE /* LocalLMLabSDKCore in Frameworks */ = {isa = PBXBuildFile; productRef = 58755ED42B540FB8B155FF27 /* LocalLMLabSDKCore */; };
		7ADD61636E8C7FFE3CC7C248 /* PlateTodayApp.swift in Sources */ = {isa = PBXBuildFile; fileRef = 854BAA469A79B221830643D2 /* PlateTodayApp.swift */; };
/* End PBXBuildFile section */

/* Begin PBXFileReference section */
		1CFB49D9A63F5FDF8DBFAC5A /* plate-today */ = {isa = PBXFileReference; lastKnownFileType = folder; name = "plate-today"; path = .; sourceTree = SOURCE_ROOT; };
		223800EB4BD2E4B1BFAD7557 /* PlateToday.app */ = {isa = PBXFileReference; explicitFileType = wrapper.application; includeInIndex = 0; path = PlateToday.app; sourceTree = BUILT_PRODUCTS_DIR; };
		854BAA469A79B221830643D2 /* PlateTodayApp.swift */ = {isa = PBXFileReference; lastKnownFileType = sourcecode.swift; path = PlateTodayApp.swift; sourceTree = "<group>"; };
/* End PBXFileReference section */

/* Begin PBXFrameworksBuildPhase section */
		70BE82F15096FCB9C2EF9925 /* Frameworks */ = {
			isa = PBXFrameworksBuildPhase;
			buildActionMask = 2147483647;
			files = (
				64D82A76111AA402D6CDAEDE /* LocalLMLabSDKCore in Frameworks */,
			);
			runOnlyForDeploymentPostprocessing = 0;
		};
/* End PBXFrameworksBuildPhase section */

/* Begin PBXGroup section */
		09A668F5E73CD085BDEE5355 /* Sources */ = {
			isa = PBXGroup;
			children = (
				246E0C0EE17C783F903C6292 /* PlateToday */,
			);
			path = Sources;
			sourceTree = "<group>";
		};
		2429DEDF705AFD0054C958D2 = {
			isa = PBXGroup;
			children = (
				DC92C0D7B42C51CC3EA5B679 /* Packages */,
				09A668F5E73CD085BDEE5355 /* Sources */,
				A47629C2D63B46F601EAAFEE /* Products */,
			);
			sourceTree = "<group>";
		};
		246E0C0EE17C783F903C6292 /* PlateToday */ = {
			isa = PBXGroup;
			children = (
				854BAA469A79B221830643D2 /* PlateTodayApp.swift */,
			);
			path = PlateToday;
			sourceTree = "<group>";
		};
		A47629C2D63B46F601EAAFEE /* Products */ = {
			isa = PBXGroup;
			children = (
				223800EB4BD2E4B1BFAD7557 /* PlateToday.app */,
			);
			name = Products;
			sourceTree = "<group>";
		};
		DC92C0D7B42C51CC3EA5B679 /* Packages */ = {
			isa = PBXGroup;
			children = (
				1CFB49D9A63F5FDF8DBFAC5A /* plate-today */,
			);
			name = Packages;
			sourceTree = "<group>";
		};
/* End PBXGroup section */

/* Begin PBXNativeTarget section */
		446068FBB2A85C7A64B52BC5 /* PlateToday */ = {
			isa = PBXNativeTarget;
			buildConfigurationList = A604C4D6FBB08972A6E6213C /* Build configuration list for PBXNativeTarget "PlateToday" */;
			buildPhases = (
				508BF38AE807CAB2E5DB4110 /* Sources */,
				70BE82F15096FCB9C2EF9925 /* Frameworks */,
			);
			buildRules = (
			);
			dependencies = (
			);
			name = PlateToday;
			packageProductDependencies = (
				58755ED42B540FB8B155FF27 /* LocalLMLabSDKCore */,
			);
			productName = PlateToday;
			productReference = 223800EB4BD2E4B1BFAD7557 /* PlateToday.app */;
			productType = "com.apple.product-type.application";
		};
/* End PBXNativeTarget section */

/* Begin PBXProject section */
		D808F689DAAD896A5EA82B90 /* Project object */ = {
			isa = PBXProject;
			attributes = {
				BuildIndependentTargetsInParallel = YES;
				LastUpgradeCheck = 1430;
				TargetAttributes = {
					446068FBB2A85C7A64B52BC5 = {
						ProvisioningStyle = Manual;
					};
				};
			};
			buildConfigurationList = 8821CF5E4C615EE4662EDB32 /* Build configuration list for PBXProject "PlateToday" */;
			developmentRegion = en;
			hasScannedForEncodings = 0;
			knownRegions = (
				Base,
				en,
			);
			mainGroup = 2429DEDF705AFD0054C958D2;
			minimizedProjectReferenceProxies = 1;
			packageReferences = (
				208BFC360AA6A064369EAADD /* XCLocalSwiftPackageReference "." */,
			);
			preferredProjectObjectVersion = 77;
			productRefGroup = A47629C2D63B46F601EAAFEE /* Products */;
			projectDirPath = "";
			projectRoot = "";
			targets = (
				446068FBB2A85C7A64B52BC5 /* PlateToday */,
			);
		};
/* End PBXProject section */

/* Begin PBXSourcesBuildPhase section */
		508BF38AE807CAB2E5DB4110 /* Sources */ = {
			isa = PBXSourcesBuildPhase;
			buildActionMask = 2147483647;
			files = (
				7ADD61636E8C7FFE3CC7C248 /* PlateTodayApp.swift in Sources */,
			);
			runOnlyForDeploymentPostprocessing = 0;
		};
/* End PBXSourcesBuildPhase section */

/* Begin XCBuildConfiguration section */
		63EBB16D3BDFFB3C4B0C2189 /* Debug */ = {
			isa = XCBuildConfiguration;
			buildSettings = {
				ALWAYS_SEARCH_USER_PATHS = NO;
				CLANG_ANALYZER_NONNULL = YES;
				CLANG_ANALYZER_NUMBER_OBJECT_CONVERSION = YES_AGGRESSIVE;
				CLANG_CXX_LANGUAGE_STANDARD = "gnu++14";
				CLANG_CXX_LIBRARY = "libc++";
				CLANG_ENABLE_MODULES = YES;
				CLANG_ENABLE_OBJC_ARC = YES;
				CLANG_ENABLE_OBJC_WEAK = YES;
				CLANG_WARN_BLOCK_CAPTURE_AUTORELEASING = YES;
				CLANG_WARN_BOOL_CONVERSION = YES;
				CLANG_WARN_COMMA = YES;
				CLANG_WARN_CONSTANT_CONVERSION = YES;
				CLANG_WARN_DEPRECATED_OBJC_IMPLEMENTATIONS = YES;
				CLANG_WARN_DIRECT_OBJC_ISA_USAGE = YES_ERROR;
				CLANG_WARN_DOCUMENTATION_COMMENTS = YES;
				CLANG_WARN_EMPTY_BODY = YES;
				CLANG_WARN_ENUM_CONVERSION = YES;
				CLANG_WARN_INFINITE_RECURSION = YES;
				CLANG_WARN_INT_CONVERSION = YES;
				CLANG_WARN_NON_LITERAL_NULL_CONVERSION = YES;
				CLANG_WARN_OBJC_IMPLICIT_RETAIN_SELF = YES;
				CLANG_WARN_OBJC_LITERAL_CONVERSION = YES;
				CLANG_WARN_OBJC_ROOT_CLASS = YES_ERROR;
				CLANG_WARN_QUOTED_INCLUDE_IN_FRAMEWORK_HEADER = YES;
				CLANG_WARN_RANGE_LOOP_ANALYSIS = YES;
				CLANG_WARN_STRICT_PROTOTYPES = YES;
				CLANG_WARN_SUSPICIOUS_MOVE = YES;
				CLANG_WARN_UNGUARDED_AVAILABILITY = YES_AGGRESSIVE;
				CLANG_WARN_UNREACHABLE_CODE = YES;
				CLANG_WARN__DUPLICATE_METHOD_MATCH = YES;
				COPY_PHASE_STRIP = NO;
				DEBUG_INFORMATION_FORMAT = dwarf;
				ENABLE_STRICT_OBJC_MSGSEND = YES;
				ENABLE_TESTABILITY = YES;
				GCC_C_LANGUAGE_STANDARD = gnu11;
				GCC_DYNAMIC_NO_PIC = NO;
				GCC_NO_COMMON_BLOCKS = YES;
				GCC_OPTIMIZATION_LEVEL = 0;
				GCC_PREPROCESSOR_DEFINITIONS = (
					"$(inherited)",
					"DEBUG=1",
				);
				GCC_WARN_64_TO_32_BIT_CONVERSION = YES;
				GCC_WARN_ABOUT_RETURN_TYPE = YES_ERROR;
				GCC_WARN_UNDECLARED_SELECTOR = YES;
				GCC_WARN_UNINITIALIZED_AUTOS = YES_AGGRESSIVE;
				GCC_WARN_UNUSED_FUNCTION = YES;
				GCC_WARN_UNUSED_VARIABLE = YES;
				MACOSX_DEPLOYMENT_TARGET = 26.0;
				MTL_ENABLE_DEBUG_INFO = INCLUDE_SOURCE;
				MTL_FAST_MATH = YES;
				ONLY_ACTIVE_ARCH = YES;
				PRODUCT_NAME = "$(TARGET_NAME)";
				SDKROOT = macosx;
				SWIFT_ACTIVE_COMPILATION_CONDITIONS = DEBUG;
				SWIFT_OPTIMIZATION_LEVEL = "-Onone";
				SWIFT_VERSION = 5.0;
			};
			name = Debug;
		};
		65BEE7E122E9E576FBDC00DD /* Release */ = {
			isa = XCBuildConfiguration;
			buildSettings = {
				ALWAYS_SEARCH_USER_PATHS = NO;
				CLANG_ANALYZER_NONNULL = YES;
				CLANG_ANALYZER_NUMBER_OBJECT_CONVERSION = YES_AGGRESSIVE;
				CLANG_CXX_LANGUAGE_STANDARD = "gnu++14";
				CLANG_CXX_LIBRARY = "libc++";
				CLANG_ENABLE_MODULES = YES;
				CLANG_ENABLE_OBJC_ARC = YES;
				CLANG_ENABLE_OBJC_WEAK = YES;
				CLANG_WARN_BLOCK_CAPTURE_AUTORELEASING = YES;
				CLANG_WARN_BOOL_CONVERSION = YES;
				CLANG_WARN_COMMA = YES;
				CLANG_WARN_CONSTANT_CONVERSION = YES;
				CLANG_WARN_DEPRECATED_OBJC_IMPLEMENTATIONS = YES;
				CLANG_WARN_DIRECT_OBJC_ISA_USAGE = YES_ERROR;
				CLANG_WARN_DOCUMENTATION_COMMENTS = YES;
				CLANG_WARN_EMPTY_BODY = YES;
				CLANG_WARN_ENUM_CONVERSION = YES;
				CLANG_WARN_INFINITE_RECURSION = YES;
				CLANG_WARN_INT_CONVERSION = YES;
				CLANG_WARN_NON_LITERAL_NULL_CONVERSION = YES;
				CLANG_WARN_OBJC_IMPLICIT_RETAIN_SELF = YES;
				CLANG_WARN_OBJC_LITERAL_CONVERSION = YES;
				CLANG_WARN_OBJC_ROOT_CLASS = YES_ERROR;
				CLANG_WARN_QUOTED_INCLUDE_IN_FRAMEWORK_HEADER = YES;
				CLANG_WARN_RANGE_LOOP_ANALYSIS = YES;
				CLANG_WARN_STRICT_PROTOTYPES = YES;
				CLANG_WARN_SUSPICIOUS_MOVE = YES;
				CLANG_WARN_UNGUARDED_AVAILABILITY = YES_AGGRESSIVE;
				CLANG_WARN_UNREACHABLE_CODE = YES;
				CLANG_WARN__DUPLICATE_METHOD_MATCH = YES;
				COPY_PHASE_STRIP = NO;
				DEBUG_INFORMATION_FORMAT = "dwarf-with-dsym";
				ENABLE_NS_ASSERTIONS = NO;
				ENABLE_STRICT_OBJC_MSGSEND = YES;
				GCC_C_LANGUAGE_STANDARD = gnu11;
				GCC_NO_COMMON_BLOCKS = YES;
				GCC_WARN_64_TO_32_BIT_CONVERSION = YES;
				GCC_WARN_ABOUT_RETURN_TYPE = YES_ERROR;
				GCC_WARN_UNDECLARED_SELECTOR = YES;
				GCC_WARN_UNINITIALIZED_AUTOS = YES_AGGRESSIVE;
				GCC_WARN_UNUSED_FUNCTION = YES;
				GCC_WARN_UNUSED_VARIABLE = YES;
				MACOSX_DEPLOYMENT_TARGET = 26.0;
				MTL_ENABLE_DEBUG_INFO = NO;
				MTL_FAST_MATH = YES;
				PRODUCT_NAME = "$(TARGET_NAME)";
				SDKROOT = macosx;
				SWIFT_COMPILATION_MODE = wholemodule;
				SWIFT_OPTIMIZATION_LEVEL = "-O";
				SWIFT_VERSION = 5.0;
			};
			name = Release;
		};
		CCF24DEB3F82D46855DE1C07 /* Release */ = {
			isa = XCBuildConfiguration;
			buildSettings = {
				ASSETCATALOG_COMPILER_APPICON_NAME = AppIcon;
				CODE_SIGN_ENTITLEMENTS = xcodeproj/PlateToday.entitlements;
				CODE_SIGN_IDENTITY = "-";
				CODE_SIGN_STYLE = Manual;
				COMBINE_HIDPI_IMAGES = YES;
				CURRENT_PROJECT_VERSION = 1;
				ENABLE_APP_SANDBOX = NO;
				ENABLE_HARDENED_RUNTIME = NO;
				INFOPLIST_FILE = "xcodeproj/PlateToday-Info.plist";
				LD_RUNPATH_SEARCH_PATHS = (
					"@executable_path/../Frameworks",
				);
				MARKETING_VERSION = 0.1.0;
				PRODUCT_BUNDLE_IDENTIFIER = lab.locallm.sdk.reference.platetoday;
				SDKROOT = macosx;
				SWIFT_ACTIVE_COMPILATION_CONDITIONS = PLATETODAY_INCLUDE_TODOIST;
			};
			name = Release;
		};
		D15C4B29A6BAC3CB2813860D /* Debug */ = {
			isa = XCBuildConfiguration;
			buildSettings = {
				ASSETCATALOG_COMPILER_APPICON_NAME = AppIcon;
				CODE_SIGN_ENTITLEMENTS = xcodeproj/PlateToday.entitlements;
				CODE_SIGN_IDENTITY = "-";
				CODE_SIGN_STYLE = Manual;
				COMBINE_HIDPI_IMAGES = YES;
				CURRENT_PROJECT_VERSION = 1;
				ENABLE_APP_SANDBOX = NO;
				ENABLE_HARDENED_RUNTIME = NO;
				INFOPLIST_FILE = "xcodeproj/PlateToday-Info.plist";
				LD_RUNPATH_SEARCH_PATHS = (
					"@executable_path/../Frameworks",
				);
				MARKETING_VERSION = 0.1.0;
				PRODUCT_BUNDLE_IDENTIFIER = lab.locallm.sdk.reference.platetoday;
				SDKROOT = macosx;
				SWIFT_ACTIVE_COMPILATION_CONDITIONS = PLATETODAY_INCLUDE_TODOIST;
			};
			name = Debug;
		};
/* End XCBuildConfiguration section */

/* Begin XCConfigurationList section */
		8821CF5E4C615EE4662EDB32 /* Build configuration list for PBXProject "PlateToday" */ = {
			isa = XCConfigurationList;
			buildConfigurations = (
				63EBB16D3BDFFB3C4B0C2189 /* Debug */,
				65BEE7E122E9E576FBDC00DD /* Release */,
			);
			defaultConfigurationIsVisible = 0;
			defaultConfigurationName = Debug;
		};
		A604C4D6FBB08972A6E6213C /* Build configuration list for PBXNativeTarget "PlateToday" */ = {
			isa = XCConfigurationList;
			buildConfigurations = (
				D15C4B29A6BAC3CB2813860D /* Debug */,
				CCF24DEB3F82D46855DE1C07 /* Release */,
			);
			defaultConfigurationIsVisible = 0;
			defaultConfigurationName = Debug;
		};
/* End XCConfigurationList section */

/* Begin XCLocalSwiftPackageReference section */
		208BFC360AA6A064369EAADD /* XCLocalSwiftPackageReference "." */ = {
			isa = XCLocalSwiftPackageReference;
			relativePath = .;
		};
/* End XCLocalSwiftPackageReference section */

/* Begin XCSwiftPackageProductDependency section */
		58755ED42B540FB8B155FF27 /* LocalLMLabSDKCore */ = {
			isa = XCSwiftPackageProductDependency;
			productName = LocalLMLabSDKCore;
		};
/* End XCSwiftPackageProductDependency section */
	};
	rootObject = D808F689DAAD896A5EA82B90 /* Project object */;
}
